
Microsoft Visual Studio Solution File, Format Version 12.00
# Visual Studio Version 17
VisualStudioVersion = 17.4.33205.214
MinimumVisualStudioVersion = 10.0.40219.1
Project("{FAE04EC0-301F-11D3-BF4B-00C04F79EFBC}") = "WebBrowser", "Browser\WebBrowser.csproj", "{A5905321-3657-41E3-A4B6-C6DCF23C4751}"
EndProject
Global
	GlobalSection(SolutionConfigurationPlatforms) = preSolution
		Debug|Any CPU = Debug|Any CPU
		Release|Any CPU = Release|Any CPU
	EndGlobalSection
	GlobalSection(ProjectConfigurationPlatforms) = postSolution
		{A5905321-3657-41E3-A4B6-C6DCF23C4751}.Debug|Any CPU.ActiveCfg = Debug|Any CPU
		{A5905321-3657-41E3-A4B6-C6DCF23C4751}.Debug|Any CPU.Build.0 = Debug|Any CPU
		{A5905321-3657-41E3-A4B6-C6DCF23C4751}.Release|Any CPU.ActiveCfg = Release|Any CPU
		{A5905321-3657-41E3-A4B6-C6DCF23C4751}.Release|Any CPU.Build.0 = Release|Any CPU
	EndGlobalSection
	GlobalSection(SolutionProperties) = preSolution
		HideSolutionNode = FALSE
	EndGlobalSection
	GlobalSection(ExtensibilityGlobals) = postSolution
		SolutionGuid = {69B5DE82-EDC1-4A22-9114-6943EA5BB7B4}
	EndGlobalSection
EndGlobal
